
Microsoft Visual Studio Solution File, Format Version 12.00
# Visual Studio 15
VisualStudioVersion = 15.0.28010.2048
MinimumVisualStudioVersion = 10.0.40219.1
Project("{FAE04EC0-301F-11D3-BF4B-00C04F79EFBC}") = "Grace", "Grace\Grace.csproj", "{5E9EF806-5C84-4B7A-A4B3-C6A13DD3BF83}"
EndProject
Global
	GlobalSection(SolutionConfigurationPlatforms) = preSolution
		Debug|Any CPU = Debug|Any CPU
		Release|Any CPU = Release|Any CPU
	EndGlobalSection
	GlobalSection(ProjectConfigurationPlatforms) = postSolution
		{5E9EF806-5C84-4B7A-A4B3-C6A13DD3BF83}.Debug|Any CPU.ActiveCfg = Debug|Any CPU
		{5E9EF806-5C84-4B7A-A4B3-C6A13DD3BF83}.Debug|Any CPU.Build.0 = Debug|Any CPU
		{5E9EF806-5C84-4B7A-A4B3-C6A13DD3BF83}.Release|Any CPU.ActiveCfg = Release|Any CPU
		{5E9EF806-5C84-4B7A-A4B3-C6A13DD3BF83}.Release|Any CPU.Build.0 = Release|Any CPU
	EndGlobalSection
	GlobalSection(SolutionProperties) = preSolution
		HideSolutionNode = FALSE
	EndGlobalSection
	GlobalSection(ExtensibilityGlobals) = postSolution
		SolutionGuid = {9FA2200C-5D8E-45DC-BB92-B0A112E533E3}
	EndGlobalSection
EndGlobal
